PODS:
  - flutter_custom_cursor (0.0.1):
    - FlutterMacOS
  - FlutterMacOS (1.0.0)

DEPENDENCIES:
  - flutter_custom_cursor (from `Flutter/ephemeral/.symlinks/plugins/flutter_custom_cursor/macos`)
  - FlutterMacOS (from `Flutter/ephemeral`)

EXTERNAL SOURCES:
  flutter_custom_cursor:
    :path: Flutter/ephemeral/.symlinks/plugins/flutter_custom_cursor/macos
  FlutterMacOS:
    :path: Flutter/ephemeral

SPEC CHECKSUMS:
  flutter_custom_cursor: 37e588711a2746f5cf48adb58b582cacff11c0c6
  FlutterMacOS: d0db08ddef1a9af05a5ec4b724367152bb0500b1

PODFILE CHECKSUM: 0d3963a09fc94f580682bd88480486da345dc3f0

COCOAPODS: 1.16.2
